
Microsoft Visual Studio Solution File, Format Version 12.00
# Visual Studio Version 17
VisualStudioVersion = 17.14.36212.18 d17.14
MinimumVisualStudioVersion = 10.0.40219.1
Project("{FAE04EC0-301F-11D3-BF4B-00C04F79EFBC}") = "ConsoleApp_chap02", "ConsoleApp_chap02\ConsoleApp_chap02.csproj", "{9F951D4D-5698-48B9-8841-3BCF001DC91B}"
EndProject
Project("{FAE04EC0-301F-11D3-BF4B-00C04F79EFBC}") = "ConsoleApp1", "ConsoleApp1\ConsoleApp1.csproj", "{367CE0F7-FD35-4FF8-8ECE-2DB80006A9D3}"
EndProject
Project("{FAE04EC0-301F-11D3-BF4B-00C04F79EFBC}") = "WindowsFormsApp1", "WindowsFormsApp1\WindowsFormsApp1.csproj", "{FBE5A675-BF9A-4710-97A5-1E6B63E64233}"
EndProject
Global
	GlobalSection(SolutionConfigurationPlatforms) = preSolution
		Debug|Any CPU = Debug|Any CPU
		Release|Any CPU = Release|Any CPU
	EndGlobalSection
	GlobalSection(ProjectConfigurationPlatforms) = postSolution
		{9F951D4D-5698-48B9-8841-3BCF001DC91B}.Debug|Any CPU.ActiveCfg = Debug|Any CPU
		{9F951D4D-5698-48B9-8841-3BCF001DC91B}.Debug|Any CPU.Build.0 = Debug|Any CPU
		{9F951D4D-5698-48B9-8841-3BCF001DC91B}.Release|Any CPU.ActiveCfg = Release|Any CPU
		{9F951D4D-5698-48B9-8841-3BCF001DC91B}.Release|Any CPU.Build.0 = Release|Any CPU
		{367CE0F7-FD35-4FF8-8ECE-2DB80006A9D3}.Debug|Any CPU.ActiveCfg = Debug|Any CPU
		{367CE0F7-FD35-4FF8-8ECE-2DB80006A9D3}.Debug|Any CPU.Build.0 = Debug|Any CPU
		{367CE0F7-FD35-4FF8-8ECE-2DB80006A9D3}.Release|Any CPU.ActiveCfg = Release|Any CPU
		{367CE0F7-FD35-4FF8-8ECE-2DB80006A9D3}.Release|Any CPU.Build.0 = Release|Any CPU
		{FBE5A675-BF9A-4710-97A5-1E6B63E64233}.Debug|Any CPU.ActiveCfg = Debug|Any CPU
		{FBE5A675-BF9A-4710-97A5-1E6B63E64233}.Debug|Any CPU.Build.0 = Debug|Any CPU
		{FBE5A675-BF9A-4710-97A5-1E6B63E64233}.Release|Any CPU.ActiveCfg = Release|Any CPU
		{FBE5A675-BF9A-4710-97A5-1E6B63E64233}.Release|Any CPU.Build.0 = Release|Any CPU
	EndGlobalSection
	GlobalSection(SolutionProperties) = preSolution
		HideSolutionNode = FALSE
	EndGlobalSection
	GlobalSection(ExtensibilityGlobals) = postSolution
		SolutionGuid = {B5E47B40-6826-48C4-AC78-5DC91C803A5C}
	EndGlobalSection
EndGlobal
